// !$*UTF8*$!
{
	archiveVersion = 1;
	classes = {
	};
	objectVersion = 77;
	objects = {

/* Begin PBXBuildFile section */
		482AA8583002BA4400BBD8ED /* AppDelegate.swift in Sources */ = {isa = PBXBuildFile; fileRef = 482AA8573002BA4400BBD8ED /* AppDelegate.swift */; };
		482AA85C3002BA4400BBD8ED /* Main.html in Resources */ = {isa = PBXBuildFile; fileRef = 482AA85A3002BA4400BBD8ED /* Main.html */; };
		482AA85E3002BA4400BBD8ED /* Icon.png in Resources */ = {isa = PBXBuildFile; fileRef = 482AA85D3002BA4400BBD8ED /* Icon.png */; };
		482AA8603002BA4400BBD8ED /* Style.css in Resources */ = {isa = PBXBuildFile; fileRef = 482AA85F3002BA4400BBD8ED /* Style.css */; };
		482AA8623002BA4400BBD8ED /* Script.js in Resources */ = {isa = PBXBuildFile; fileRef = 482AA8613002BA4400BBD8ED /* Script.js */; };
		482AA8643002BA4400BBD8ED /* ViewController.swift in Sources */ = {isa = PBXBuildFile; fileRef = 482AA8633002BA4400BBD8ED /* ViewController.swift */; };
		482AA8673002BA4400BBD8ED /* Main.storyboard in Resources */ = {isa = PBXBuildFile; fileRef = 482AA8653002BA4400BBD8ED /* Main.storyboard */; };
		482AA8693002BA4500BBD8ED /* Assets.xcassets in Resources */ = {isa = PBXBuildFile; fileRef = 482AA8683002BA4500BBD8ED /* Assets.xcassets */; };
		482AA8703002BA4500BBD8ED /* Darkframe Extension.appex in Embed Foundation Extensions */ = {isa = PBXBuildFile; fileRef = 482AA86F3002BA4500BBD8ED /* Darkframe Extension.appex */; settings = {ATTRIBUTES = (RemoveHeadersOnCopy, ); }; };
		482AA8753002BA4500BBD8ED /* SafariWebExtensionHandler.swift in Sources */ = {isa = PBXBuildFile; fileRef = 482AA8743002BA4500BBD8ED /* SafariWebExtensionHandler.swift */; };
		482AA88D3002BA4600BBD8ED /* popup.js in Resources */ = {isa = PBXBuildFile; fileRef = 482AA8813002BA4600BBD8ED /* popup.js */; };
		482AA88E3002BA4600BBD8ED /* background.js in Resources */ = {isa = PBXBuildFile; fileRef = 482AA8833002BA4600BBD8ED /* background.js */; };
		482AA88F3002BA4600BBD8ED /* popup.html in Resources */ = {isa = PBXBuildFile; fileRef = 482AA8843002BA4600BBD8ED /* popup.html */; };
		482AA8903002BA4600BBD8ED /* options.js in Resources */ = {isa = PBXBuildFile; fileRef = 482AA8853002BA4600BBD8ED /* options.js */; };
		482AA8913002BA4600BBD8ED /* icons in Resources */ = {isa = PBXBuildFile; fileRef = 482AA8883002BA4600BBD8ED /* icons */; };
		482AA8923002BA4600BBD8ED /* manifest.json in Resources */ = {isa = PBXBuildFile; fileRef = 482AA8893002BA4600BBD8ED /* manifest.json */; };
		482AA8933002BA4600BBD8ED /* options.html in Resources */ = {isa = PBXBuildFile; fileRef = 482AA88A3002BA4600BBD8ED /* options.html */; };
		482AA8943002BA4600BBD8ED /* content.js in Resources */ = {isa = PBXBuildFile; fileRef = 482AA88B3002BA4600BBD8ED /* content.js */; };
/* End PBXBuildFile section */

/* Begin PBXContainerItemProxy section */
		482AA8713002BA4500BBD8ED /* PBXContainerItemProxy */ = {
			isa = PBXContainerItemProxy;
			containerPortal = 482AA84C3002BA4400BBD8ED /* Project object */;
			proxyType = 1;
			remoteGlobalIDString = 482AA86E3002BA4500BBD8ED;
			remoteInfo = "Darkframe Extension";
		};
/* End PBXContainerItemProxy section */

/* Begin PBXCopyFilesBuildPhase section */
		482AA87C3002BA4500BBD8ED /* Embed Foundation Extensions */ = {
			isa = PBXCopyFilesBuildPhase;
			buildActionMask = 2147483647;
			dstPath = "";
			dstSubfolderSpec = 13;
			files = (
				482AA8703002BA4500BBD8ED /* Darkframe Extension.appex in Embed Foundation Extensions */,
			);
			name = "Embed Foundation Extensions";
			runOnlyForDeploymentPostprocessing = 0;
		};
/* End PBXCopyFilesBuildPhase section */

/* Begin PBXFileReference section */
		482AA8543002BA4400BBD8ED /* Darkframe.app */ = {isa = PBXFileReference; explicitFileType = wrapper.application; includeInIndex = 0; path = Darkframe.app; sourceTree = BUILT_PRODUCTS_DIR; };
		482AA8573002BA4400BBD8ED /* AppDelegate.swift */ = {isa = PBXFileReference; lastKnownFileType = sourcecode.swift; path = AppDelegate.swift; sourceTree = "<group>"; };
		482AA85B3002BA4400BBD8ED /* Base */ = {isa = PBXFileReference; lastKnownFileType = text.html; name = Base; path = Base.lproj/Main.html; sourceTree = "<group>"; };
		482AA85D3002BA4400BBD8ED /* Icon.png */ = {isa = PBXFileReference; lastKnownFileType = image.png; path = Icon.png; sourceTree = "<group>"; };
		482AA85F3002BA4400BBD8ED /* Style.css */ = {isa = PBXFileReference; lastKnownFileType = text.css; path = Style.css; sourceTree = "<group>"; };
		482AA8613002BA4400BBD8ED /* Script.js */ = {isa = PBXFileReference; lastKnownFileType = sourcecode.javascript; path = Script.js; sourceTree = "<group>"; };
		482AA8633002BA4400BBD8ED /* ViewController.swift */ = {isa = PBXFileReference; lastKnownFileType = sourcecode.swift; path = ViewController.swift; sourceTree = "<group>"; };
		482AA8663002BA4400BBD8ED /* Base */ = {isa = PBXFileReference; lastKnownFileType = file.storyboard; name = Base; path = Base.lproj/Main.storyboard; sourceTree = "<group>"; };
		482AA8683002BA4500BBD8ED /* Assets.xcassets */ = {isa = PBXFileReference; lastKnownFileType = folder.assetcatalog; path = Assets.xcassets; sourceTree = "<group>"; };
		482AA86A3002BA4500BBD8ED /* Info.plist */ = {isa = PBXFileReference; lastKnownFileType = text.plist.xml; path = Info.plist; sourceTree = "<group>"; };
		482AA86F3002BA4500BBD8ED /* Darkframe Extension.appex */ = {isa = PBXFileReference; explicitFileType = "wrapper.app-extension"; includeInIndex = 0; path = "Darkframe Extension.appex"; sourceTree = BUILT_PRODUCTS_DIR; };
		482AA8743002BA4500BBD8ED /* SafariWebExtensionHandler.swift */ = {isa = PBXFileReference; lastKnownFileType = sourcecode.swift; path = SafariWebExtensionHandler.swift; sourceTree = "<group>"; };
		482AA8763002BA4500BBD8ED /* Info.plist */ = {isa = PBXFileReference; lastKnownFileType = text.plist.xml; path = Info.plist; sourceTree = "<group>"; };
		482AA8813002BA4600BBD8ED /* popup.js */ = {isa = PBXFileReference; lastKnownFileType = sourcecode.javascript; name = popup.js; path = Resources/popup.js; sourceTree = "<group>"; };
		482AA8823002BA4600BBD8ED /* popup.js.map */ = {isa = PBXFileReference; lastKnownFileType = "sourcecode.module-map"; name = popup.js.map; path = Resources/popup.js.map; sourceTree = "<group>"; };
		482AA8833002BA4600BBD8ED /* background.js */ = {isa = PBXFileReference; lastKnownFileType = sourcecode.javascript; name = background.js; path = Resources/background.js; sourceTree = "<group>"; };
		482AA8843002BA4600BBD8ED /* popup.html */ = {isa = PBXFileReference; lastKnownFileType = text.html; name = popup.html; path = Resources/popup.html; sourceTree = "<group>"; };
		482AA8853002BA4600BBD8ED /* options.js */ = {isa = PBXFileReference; lastKnownFileType = sourcecode.javascript; name = options.js; path = Resources/options.js; sourceTree = "<group>"; };
		482AA8863002BA4600BBD8ED /* options.js.map */ = {isa = PBXFileReference; lastKnownFileType = "sourcecode.module-map"; name = options.js.map; path = Resources/options.js.map; sourceTree = "<group>"; };
		482AA8873002BA4600BBD8ED /* content.js.map */ = {isa = PBXFileReference; lastKnownFileType = "sourcecode.module-map"; name = content.js.map; path = Resources/content.js.map; sourceTree = "<group>"; };
		482AA8883002BA4600BBD8ED /* icons */ = {isa = PBXFileReference; lastKnownFileType = folder; name = icons; path = Resources/icons; sourceTree = "<group>"; };
		482AA8893002BA4600BBD8ED /* manifest.json */ = {isa = PBXFileReference; lastKnownFileType = text.json; name = manifest.json; path = Resources/manifest.json; sourceTree = "<group>"; };
		482AA88A3002BA4600BBD8ED /* options.html */ = {isa = PBXFileReference; lastKnownFileType = text.html; name = options.html; path = Resources/options.html; sourceTree = "<group>"; };
		482AA88B3002BA4600BBD8ED /* content.js */ = {isa = PBXFileReference; lastKnownFileType = sourcecode.javascript; name = content.js; path = Resources/content.js; sourceTree = "<group>"; };
		482AA88C3002BA4600BBD8ED /* background.js.map */ = {isa = PBXFileReference; lastKnownFileType = "sourcecode.module-map"; name = background.js.map; path = Resources/background.js.map; sourceTree = "<group>"; };
/* End PBXFileReference section */

/* Begin PBXFrameworksBuildPhase section */
		482AA8513002BA4400BBD8ED /* Frameworks */ = {
			isa = PBXFrameworksBuildPhase;
			buildActionMask = 2147483647;
			files = (
			);
			runOnlyForDeploymentPostprocessing = 0;
		};
		482AA86C3002BA4500BBD8ED /* Frameworks */ = {
			isa = PBXFrameworksBuildPhase;
			buildActionMask = 2147483647;
			files = (
			);
			runOnlyForDeploymentPostprocessing = 0;
		};
/* End PBXFrameworksBuildPhase section */

/* Begin PBXGroup section */
		482AA84B3002BA4400BBD8ED = {
			isa = PBXGroup;
			children = (
				482AA8563002BA4400BBD8ED /* Darkframe */,
				482AA8733002BA4500BBD8ED /* Darkframe Extension */,
				482AA8553002BA4400BBD8ED /* Products */,
			);
			sourceTree = "<group>";
		};
		482AA8553002BA4400BBD8ED /* Products */ = {
			isa = PBXGroup;
			children = (
				482AA8543002BA4400BBD8ED /* Darkframe.app */,
				482AA86F3002BA4500BBD8ED /* Darkframe Extension.appex */,
			);
			name = Products;
			sourceTree = "<group>";
		};
		482AA8563002BA4400BBD8ED /* Darkframe */ = {
			isa = PBXGroup;
			children = (
				482AA8573002BA4400BBD8ED /* AppDelegate.swift */,
				482AA8633002BA4400BBD8ED /* ViewController.swift */,
				482AA8653002BA4400BBD8ED /* Main.storyboard */,
				482AA8683002BA4500BBD8ED /* Assets.xcassets */,
				482AA86A3002BA4500BBD8ED /* Info.plist */,
				482AA8593002BA4400BBD8ED /* Resources */,
			);
			path = Darkframe;
			sourceTree = "<group>";
		};
		482AA8593002BA4400BBD8ED /* Resources */ = {
			isa = PBXGroup;
			children = (
				482AA85A3002BA4400BBD8ED /* Main.html */,
				482AA85D3002BA4400BBD8ED /* Icon.png */,
				482AA85F3002BA4400BBD8ED /* Style.css */,
				482AA8613002BA4400BBD8ED /* Script.js */,
			);
			path = Resources;
			sourceTree = "<group>";
		};
		482AA8733002BA4500BBD8ED /* Darkframe Extension */ = {
			isa = PBXGroup;
			children = (
				482AA8803002BA4600BBD8ED /* Resources */,
				482AA8743002BA4500BBD8ED /* SafariWebExtensionHandler.swift */,
				482AA8763002BA4500BBD8ED /* Info.plist */,
			);
			path = "Darkframe Extension";
			sourceTree = "<group>";
		};
		482AA8803002BA4600BBD8ED /* Resources */ = {
			isa = PBXGroup;
			children = (
				482AA8813002BA4600BBD8ED /* popup.js */,
				482AA8823002BA4600BBD8ED /* popup.js.map */,
				482AA8833002BA4600BBD8ED /* background.js */,
				482AA8843002BA4600BBD8ED /* popup.html */,
				482AA8853002BA4600BBD8ED /* options.js */,
				482AA8863002BA4600BBD8ED /* options.js.map */,
				482AA8873002BA4600BBD8ED /* content.js.map */,
				482AA8883002BA4600BBD8ED /* icons */,
				482AA8893002BA4600BBD8ED /* manifest.json */,
				482AA88A3002BA4600BBD8ED /* options.html */,
				482AA88B3002BA4600BBD8ED /* content.js */,
				482AA88C3002BA4600BBD8ED /* background.js.map */,
			);
			name = Resources;
			path = "Darkframe Extension";
			sourceTree = SOURCE_ROOT;
		};
/* End PBXGroup section */

/* Begin PBXNativeTarget section */
		482AA8533002BA4400BBD8ED /* Darkframe */ = {
			isa = PBXNativeTarget;
			buildConfigurationList = 482AA87D3002BA4500BBD8ED /* Build configuration list for PBXNativeTarget "Darkframe" */;
			buildPhases = (
				482AA8503002BA4400BBD8ED /* Sources */,
				482AA8513002BA4400BBD8ED /* Frameworks */,
				482AA8523002BA4400BBD8ED /* Resources */,
				482AA87C3002BA4500BBD8ED /* Embed Foundation Extensions */,
			);
			buildRules = (
			);
			dependencies = (
				482AA8723002BA4500BBD8ED /* PBXTargetDependency */,
			);
			name = Darkframe;
			packageProductDependencies = (
			);
			productName = Darkframe;
			productReference = 482AA8543002BA4400BBD8ED /* Darkframe.app */;
			productType = "com.apple.product-type.application";
		};
		482AA86E3002BA4500BBD8ED /* Darkframe Extension */ = {
			isa = PBXNativeTarget;
			buildConfigurationList = 482AA8793002BA4500BBD8ED /* Build configuration list for PBXNativeTarget "Darkframe Extension" */;
			buildPhases = (
				482AA86B3002BA4500BBD8ED /* Sources */,
				482AA86C3002BA4500BBD8ED /* Frameworks */,
				482AA86D3002BA4500BBD8ED /* Resources */,
			);
			buildRules = (
			);
			dependencies = (
			);
			name = "Darkframe Extension";
			packageProductDependencies = (
			);
			productName = "Darkframe Extension";
			productReference = 482AA86F3002BA4500BBD8ED /* Darkframe Extension.appex */;
			productType = "com.apple.product-type.app-extension";
		};
/* End PBXNativeTarget section */

/* Begin PBXProject section */
		482AA84C3002BA4400BBD8ED /* Project object */ = {
			isa = PBXProject;
			attributes = {
				BuildIndependentTargetsInParallel = 1;
				LastSwiftUpdateCheck = 2660;
				LastUpgradeCheck = 2660;
				TargetAttributes = {
					482AA8533002BA4400BBD8ED = {
						CreatedOnToolsVersion = 26.6;
					};
					482AA86E3002BA4500BBD8ED = {
						CreatedOnToolsVersion = 26.6;
					};
				};
			};
			buildConfigurationList = 482AA84F3002BA4400BBD8ED /* Build configuration list for PBXProject "Darkframe" */;
			developmentRegion = en;
			hasScannedForEncodings = 0;
			knownRegions = (
				en,
				Base,
			);
			mainGroup = 482AA84B3002BA4400BBD8ED;
			minimizedProjectReferenceProxies = 1;
			preferredProjectObjectVersion = 77;
			productRefGroup = 482AA8553002BA4400BBD8ED /* Products */;
			projectDirPath = "";
			projectRoot = "";
			targets = (
				482AA8533002BA4400BBD8ED /* Darkframe */,
				482AA86E3002BA4500BBD8ED /* Darkframe Extension */,
			);
		};
/* End PBXProject section */

/* Begin PBXResourcesBuildPhase section */
		482AA8523002BA4400BBD8ED /* Resources */ = {
			isa = PBXResourcesBuildPhase;
			buildActionMask = 2147483647;
			files = (
				482AA85E3002BA4400BBD8ED /* Icon.png in Resources */,
				482AA8673002BA4400BBD8ED /* Main.storyboard in Resources */,
				482AA8623002BA4400BBD8ED /* Script.js in Resources */,
				482AA85C3002BA4400BBD8ED /* Main.html in Resources */,
				482AA8693002BA4500BBD8ED /* Assets.xcassets in Resources */,
				482AA8603002BA4400BBD8ED /* Style.css in Resources */,
			);
			runOnlyForDeploymentPostprocessing = 0;
		};
		482AA86D3002BA4500BBD8ED /* Resources */ = {
			isa = PBXResourcesBuildPhase;
			buildActionMask = 2147483647;
			files = (
				482AA8943002BA4600BBD8ED /* content.js in Resources */,
				482AA8933002BA4600BBD8ED /* options.html in Resources */,
				482AA88E3002BA4600BBD8ED /* background.js in Resources */,
				482AA8903002BA4600BBD8ED /* options.js in Resources */,
				482AA88F3002BA4600BBD8ED /* popup.html in Resources */,
				482AA8913002BA4600BBD8ED /* icons in Resources */,
				482AA8923002BA4600BBD8ED /* manifest.json in Resources */,
				482AA88D3002BA4600BBD8ED /* popup.js in Resources */,
			);
			runOnlyForDeploymentPostprocessing = 0;
		};
/* End PBXResourcesBuildPhase section */

/* Begin PBXSourcesBuildPhase section */
		482AA8503002BA4400BBD8ED /* Sources */ = {
			isa = PBXSourcesBuildPhase;
			buildActionMask = 2147483647;
			files = (
				482AA8643002BA4400BBD8ED /* ViewController.swift in Sources */,
				482AA8583002BA4400BBD8ED /* AppDelegate.swift in Sources */,
			);
			runOnlyForDeploymentPostprocessing = 0;
		};
		482AA86B3002BA4500BBD8ED /* Sources */ = {
			isa = PBXSourcesBuildPhase;
			buildActionMask = 2147483647;
			files = (
				482AA8753002BA4500BBD8ED /* SafariWebExtensionHandler.swift in Sources */,
			);
			runOnlyForDeploymentPostprocessing = 0;
		};
/* End PBXSourcesBuildPhase section */

/* Begin PBXTargetDependency section */
		482AA8723002BA4500BBD8ED /* PBXTargetDependency */ = {
			isa = PBXTargetDependency;
			target = 482AA86E3002BA4500BBD8ED /* Darkframe Extension */;
			targetProxy = 482AA8713002BA4500BBD8ED /* PBXContainerItemProxy */;
		};
/* End PBXTargetDependency section */

/* Begin PBXVariantGroup section */
		482AA85A3002BA4400BBD8ED /* Main.html */ = {
			isa = PBXVariantGroup;
			children = (
				482AA85B3002BA4400BBD8ED /* Base */,
			);
			name = Main.html;
			sourceTree = "<group>";
		};
		482AA8653002BA4400BBD8ED /* Main.storyboard */ = {
			isa = PBXVariantGroup;
			children = (
				482AA8663002BA4400BBD8ED /* Base */,
			);
			name = Main.storyboard;
			sourceTree = "<group>";
		};
/* End PBXVariantGroup section */

/* Begin XCBuildConfiguration section */
		482AA8773002BA4500BBD8ED /* Debug */ = {
			isa = XCBuildConfiguration;
			buildSettings = {
				ALWAYS_SEARCH_USER_PATHS = NO;
				ASSETCATALOG_COMPILER_GENERATE_SWIFT_ASSET_SYMBOL_EXTENSIONS = YES;
				CLANG_ANALYZER_NONNULL = YES;
				CLANG_ANALYZER_NUMBER_OBJECT_CONVERSION = YES_AGGRESSIVE;
				CLANG_CXX_LANGUAGE_STANDARD = "gnu++20";
				CLANG_ENABLE_MODULES = YES;
				CLANG_ENABLE_OBJC_ARC = YES;
				CLANG_ENABLE_OBJC_WEAK = YES;
				CLANG_WARN_BLOCK_CAPTURE_AUTORELEASING = YES;
				CLANG_WARN_BOOL_CONVERSION = YES;
				CLANG_WARN_COMMA = YES;
				CLANG_WARN_CONSTANT_CONVERSION = YES;
				CLANG_WARN_DEPRECATED_OBJC_IMPLEMENTATIONS = YES;
				CLANG_WARN_DIRECT_OBJC_ISA_USAGE = YES_ERROR;
				CLANG_WARN_DOCUMENTATION_COMMENTS = YES;
				CLANG_WARN_EMPTY_BODY = YES;
				CLANG_WARN_ENUM_CONVERSION = YES;
				CLANG_WARN_INFINITE_RECURSION = YES;
				CLANG_WARN_INT_CONVERSION = YES;
				CLANG_WARN_NON_LITERAL_NULL_CONVERSION = YES;
				CLANG_WARN_OBJC_IMPLICIT_RETAIN_SELF = YES;
				CLANG_WARN_OBJC_LITERAL_CONVERSION = YES;
				CLANG_WARN_OBJC_ROOT_CLASS = YES_ERROR;
				CLANG_WARN_QUOTED_INCLUDE_IN_FRAMEWORK_HEADER = YES;
				CLANG_WARN_RANGE_LOOP_ANALYSIS = YES;
				CLANG_WARN_STRICT_PROTOTYPES = YES;
				CLANG_WARN_SUSPICIOUS_MOVE = YES;
				CLANG_WARN_UNGUARDED_AVAILABILITY = YES_AGGRESSIVE;
				CLANG_WARN_UNREACHABLE_CODE = YES;
				CLANG_WARN__DUPLICATE_METHOD_MATCH = YES;
				COPY_PHASE_STRIP = NO;
				DEBUG_INFORMATION_FORMAT = dwarf;
				ENABLE_STRICT_OBJC_MSGSEND = YES;
				ENABLE_TESTABILITY = YES;
				ENABLE_USER_SCRIPT_SANDBOXING = YES;
				GCC_C_LANGUAGE_STANDARD = gnu17;
				GCC_DYNAMIC_NO_PIC = NO;
				GCC_NO_COMMON_BLOCKS = YES;
				GCC_OPTIMIZATION_LEVEL = 0;
				GCC_PREPROCESSOR_DEFINITIONS = (
					"DEBUG=1",
					"$(inherited)",
				);
				GCC_WARN_64_TO_32_BIT_CONVERSION = YES;
				GCC_WARN_ABOUT_RETURN_TYPE = YES_ERROR;
				GCC_WARN_UNDECLARED_SELECTOR = YES;
				GCC_WARN_UNINITIALIZED_AUTOS = YES_AGGRESSIVE;
				GCC_WARN_UNUSED_FUNCTION = YES;
				GCC_WARN_UNUSED_VARIABLE = YES;
				LOCALIZATION_PREFERS_STRING_CATALOGS = YES;
				MACOSX_DEPLOYMENT_TARGET = 26.5;
				MTL_ENABLE_DEBUG_INFO = INCLUDE_SOURCE;
				MTL_FAST_MATH = YES;
				ONLY_ACTIVE_ARCH = YES;
				SDKROOT = macosx;
				SWIFT_ACTIVE_COMPILATION_CONDITIONS = "DEBUG $(inherited)";
				SWIFT_OPTIMIZATION_LEVEL = "-Onone";
			};
			name = Debug;
		};
		482AA8783002BA4500BBD8ED /* Release */ = {
			isa = XCBuildConfiguration;
			buildSettings = {
				ALWAYS_SEARCH_USER_PATHS = NO;
				ASSETCATALOG_COMPILER_GENERATE_SWIFT_ASSET_SYMBOL_EXTENSIONS = YES;
				CLANG_ANALYZER_NONNULL = YES;
				CLANG_ANALYZER_NUMBER_OBJECT_CONVERSION = YES_AGGRESSIVE;
				CLANG_CXX_LANGUAGE_STANDARD = "gnu++20";
				CLANG_ENABLE_MODULES = YES;
				CLANG_ENABLE_OBJC_ARC = YES;
				CLANG_ENABLE_OBJC_WEAK = YES;
				CLANG_WARN_BLOCK_CAPTURE_AUTORELEASING = YES;
				CLANG_WARN_BOOL_CONVERSION = YES;
				CLANG_WARN_COMMA = YES;
				CLANG_WARN_CONSTANT_CONVERSION = YES;
				CLANG_WARN_DEPRECATED_OBJC_IMPLEMENTATIONS = YES;
				CLANG_WARN_DIRECT_OBJC_ISA_USAGE = YES_ERROR;
				CLANG_WARN_DOCUMENTATION_COMMENTS = YES;
				CLANG_WARN_EMPTY_BODY = YES;
				CLANG_WARN_ENUM_CONVERSION = YES;
				CLANG_WARN_INFINITE_RECURSION = YES;
				CLANG_WARN_INT_CONVERSION = YES;
				CLANG_WARN_NON_LITERAL_NULL_CONVERSION = YES;
				CLANG_WARN_OBJC_IMPLICIT_RETAIN_SELF = YES;
				CLANG_WARN_OBJC_LITERAL_CONVERSION = YES;
				CLANG_WARN_OBJC_ROOT_CLASS = YES_ERROR;
				CLANG_WARN_QUOTED_INCLUDE_IN_FRAMEWORK_HEADER = YES;
				CLANG_WARN_RANGE_LOOP_ANALYSIS = YES;
				CLANG_WARN_STRICT_PROTOTYPES = YES;
				CLANG_WARN_SUSPICIOUS_MOVE = YES;
				CLANG_WARN_UNGUARDED_AVAILABILITY = YES_AGGRESSIVE;
				CLANG_WARN_UNREACHABLE_CODE = YES;
				CLANG_WARN__DUPLICATE_METHOD_MATCH = YES;
				COPY_PHASE_STRIP = NO;
				DEBUG_INFORMATION_FORMAT = "dwarf-with-dsym";
				ENABLE_NS_ASSERTIONS = NO;
				ENABLE_STRICT_OBJC_MSGSEND = YES;
				ENABLE_USER_SCRIPT_SANDBOXING = YES;
				GCC_C_LANGUAGE_STANDARD = gnu17;
				GCC_NO_COMMON_BLOCKS = YES;
				GCC_WARN_64_TO_32_BIT_CONVERSION = YES;
				GCC_WARN_ABOUT_RETURN_TYPE = YES_ERROR;
				GCC_WARN_UNDECLARED_SELECTOR = YES;
				GCC_WARN_UNINITIALIZED_AUTOS = YES_AGGRESSIVE;
				GCC_WARN_UNUSED_FUNCTION = YES;
				GCC_WARN_UNUSED_VARIABLE = YES;
				LOCALIZATION_PREFERS_STRING_CATALOGS = YES;
				MACOSX_DEPLOYMENT_TARGET = 26.5;
				MTL_ENABLE_DEBUG_INFO = NO;
				MTL_FAST_MATH = YES;
				SDKROOT = macosx;
				SWIFT_COMPILATION_MODE = wholemodule;
			};
			name = Release;
		};
		482AA87A3002BA4500BBD8ED /* Debug */ = {
			isa = XCBuildConfiguration;
			buildSettings = {
				CODE_SIGN_STYLE = Automatic;
				CURRENT_PROJECT_VERSION = 1;
				ENABLE_APP_SANDBOX = YES;
				ENABLE_HARDENED_RUNTIME = YES;
				ENABLE_USER_SELECTED_FILES = readonly;
				GENERATE_INFOPLIST_FILE = YES;
				INFOPLIST_FILE = "Darkframe Extension/Info.plist";
				INFOPLIST_KEY_CFBundleDisplayName = "Darkframe Extension";
				INFOPLIST_KEY_NSHumanReadableCopyright = "";
				LD_RUNPATH_SEARCH_PATHS = (
					"$(inherited)",
					"@executable_path/../Frameworks",
					"@executable_path/../../../../Frameworks",
				);
				MACOSX_DEPLOYMENT_TARGET = 10.14;
				MARKETING_VERSION = 1.0;
				OTHER_LDFLAGS = (
					"-framework",
					SafariServices,
				);
				PRODUCT_BUNDLE_IDENTIFIER = com.darkframe.app.Extension;
				PRODUCT_NAME = "$(TARGET_NAME)";
				SKIP_INSTALL = YES;
				STRING_CATALOG_GENERATE_SYMBOLS = YES;
				SWIFT_APPROACHABLE_CONCURRENCY = YES;
				SWIFT_EMIT_LOC_STRINGS = YES;
				SWIFT_UPCOMING_FEATURE_MEMBER_IMPORT_VISIBILITY = YES;
				SWIFT_VERSION = 5.0;
			};
			name = Debug;
		};
		482AA87B3002BA4500BBD8ED /* Release */ = {
			isa = XCBuildConfiguration;
			buildSettings = {
				CODE_SIGN_STYLE = Automatic;
				CURRENT_PROJECT_VERSION = 1;
				ENABLE_APP_SANDBOX = YES;
				ENABLE_HARDENED_RUNTIME = YES;
				ENABLE_USER_SELECTED_FILES = readonly;
				GENERATE_INFOPLIST_FILE = YES;
				INFOPLIST_FILE = "Darkframe Extension/Info.plist";
				INFOPLIST_KEY_CFBundleDisplayName = "Darkframe Extension";
				INFOPLIST_KEY_NSHumanReadableCopyright = "";
				LD_RUNPATH_SEARCH_PATHS = (
					"$(inherited)",
					"@executable_path/../Frameworks",
					"@executable_path/../../../../Frameworks",
				);
				MACOSX_DEPLOYMENT_TARGET = 10.14;
				MARKETING_VERSION = 1.0;
				OTHER_LDFLAGS = (
					"-framework",
					SafariServices,
				);
				PRODUCT_BUNDLE_IDENTIFIER = com.darkframe.app.Extension;
				PRODUCT_NAME = "$(TARGET_NAME)";
				SKIP_INSTALL = YES;
				STRING_CATALOG_GENERATE_SYMBOLS = YES;
				SWIFT_APPROACHABLE_CONCURRENCY = YES;
				SWIFT_EMIT_LOC_STRINGS = YES;
				SWIFT_UPCOMING_FEATURE_MEMBER_IMPORT_VISIBILITY = YES;
				SWIFT_VERSION = 5.0;
			};
			name = Release;
		};
		482AA87E3002BA4500BBD8ED /* Debug */ = {
			isa = XCBuildConfiguration;
			buildSettings = {
				ASSETCATALOG_COMPILER_APPICON_NAME = AppIcon;
				ASSETCATALOG_COMPILER_GLOBAL_ACCENT_COLOR_NAME = AccentColor;
				CODE_SIGN_STYLE = Automatic;
				COMBINE_HIDPI_IMAGES = YES;
				CURRENT_PROJECT_VERSION = 1;
				ENABLE_APP_SANDBOX = YES;
				ENABLE_HARDENED_RUNTIME = YES;
				ENABLE_OUTGOING_NETWORK_CONNECTIONS = YES;
				ENABLE_USER_SELECTED_FILES = readonly;
				GENERATE_INFOPLIST_FILE = YES;
				INFOPLIST_FILE = Darkframe/Info.plist;
				INFOPLIST_KEY_CFBundleDisplayName = Darkframe;
				INFOPLIST_KEY_NSHumanReadableCopyright = "";
				INFOPLIST_KEY_NSMainStoryboardFile = Main;
				INFOPLIST_KEY_NSPrincipalClass = NSApplication;
				LD_RUNPATH_SEARCH_PATHS = (
					"$(inherited)",
					"@executable_path/../Frameworks",
				);
				MARKETING_VERSION = 1.0;
				OTHER_LDFLAGS = (
					"-framework",
					SafariServices,
					"-framework",
					WebKit,
				);
				PRODUCT_BUNDLE_IDENTIFIER = com.darkframe.app;
				PRODUCT_NAME = "$(TARGET_NAME)";
				REGISTER_APP_GROUPS = YES;
				STRING_CATALOG_GENERATE_SYMBOLS = YES;
				SWIFT_APPROACHABLE_CONCURRENCY = YES;
				SWIFT_DEFAULT_ACTOR_ISOLATION = MainActor;
				SWIFT_EMIT_LOC_STRINGS = YES;
				SWIFT_UPCOMING_FEATURE_MEMBER_IMPORT_VISIBILITY = YES;
				SWIFT_VERSION = 5.0;
			};
			name = Debug;
		};
		482AA87F3002BA4500BBD8ED /* Release */ = {
			isa = XCBuildConfiguration;
			buildSettings = {
				ASSETCATALOG_COMPILER_APPICON_NAME = AppIcon;
				ASSETCATALOG_COMPILER_GLOBAL_ACCENT_COLOR_NAME = AccentColor;
				CODE_SIGN_STYLE = Automatic;
				COMBINE_HIDPI_IMAGES = YES;
				CURRENT_PROJECT_VERSION = 1;
				ENABLE_APP_SANDBOX = YES;
				ENABLE_HARDENED_RUNTIME = YES;
				ENABLE_OUTGOING_NETWORK_CONNECTIONS = YES;
				ENABLE_USER_SELECTED_FILES = readonly;
				GENERATE_INFOPLIST_FILE = YES;
				INFOPLIST_FILE = Darkframe/Info.plist;
				INFOPLIST_KEY_CFBundleDisplayName = Darkframe;
				INFOPLIST_KEY_NSHumanReadableCopyright = "";
				INFOPLIST_KEY_NSMainStoryboardFile = Main;
				INFOPLIST_KEY_NSPrincipalClass = NSApplication;
				LD_RUNPATH_SEARCH_PATHS = (
					"$(inherited)",
					"@executable_path/../Frameworks",
				);
				MARKETING_VERSION = 1.0;
				OTHER_LDFLAGS = (
					"-framework",
					SafariServices,
					"-framework",
					WebKit,
				);
				PRODUCT_BUNDLE_IDENTIFIER = com.darkframe.app;
				PRODUCT_NAME = "$(TARGET_NAME)";
				REGISTER_APP_GROUPS = YES;
				STRING_CATALOG_GENERATE_SYMBOLS = YES;
				SWIFT_APPROACHABLE_CONCURRENCY = YES;
				SWIFT_DEFAULT_ACTOR_ISOLATION = MainActor;
				SWIFT_EMIT_LOC_STRINGS = YES;
				SWIFT_UPCOMING_FEATURE_MEMBER_IMPORT_VISIBILITY = YES;
				SWIFT_VERSION = 5.0;
			};
			name = Release;
		};
/* End XCBuildConfiguration section */

/* Begin XCConfigurationList section */
		482AA84F3002BA4400BBD8ED /* Build configuration list for PBXProject "Darkframe" */ = {
			isa = XCConfigurationList;
			buildConfigurations = (
				482AA8773002BA4500BBD8ED /* Debug */,
				482AA8783002BA4500BBD8ED /* Release */,
			);
			defaultConfigurationIsVisible = 0;
			defaultConfigurationName = Release;
		};
		482AA8793002BA4500BBD8ED /* Build configuration list for PBXNativeTarget "Darkframe Extension" */ = {
			isa = XCConfigurationList;
			buildConfigurations = (
				482AA87A3002BA4500BBD8ED /* Debug */,
				482AA87B3002BA4500BBD8ED /* Release */,
			);
			defaultConfigurationIsVisible = 0;
			defaultConfigurationName = Release;
		};
		482AA87D3002BA4500BBD8ED /* Build configuration list for PBXNativeTarget "Darkframe" */ = {
			isa = XCConfigurationList;
			buildConfigurations = (
				482AA87E3002BA4500BBD8ED /* Debug */,
				482AA87F3002BA4500BBD8ED /* Release */,
			);
			defaultConfigurationIsVisible = 0;
			defaultConfigurationName = Release;
		};
/* End XCConfigurationList section */
	};
	rootObject = 482AA84C3002BA4400BBD8ED /* Project object */;
}
